#
# This file is autogenerated by pip-compile with Python 3.11
# by the following command:
#
#    pip-compile --no-emit-index-url --output-file=requirements.lock --strip-extras requirements.txt
#
# DO NOT edit this file manually. To regenerate, run:
#   pip-compile requirements.txt -o requirements.lock --strip-extras --no-emit-index-url
#
coverage==7.13.4
    # via pytest-cov
iniconfig==2.3.0
    # via pytest
numpy==2.4.2
    # via
    #   -r requirements.txt
    #   opencv-python
opencv-python==4.13.0.92
    # via -r requirements.txt
packaging==26.0
    # via pytest
pluggy==1.6.0
    # via
    #   pytest
    #   pytest-cov
pygame==2.6.1
    # via -r requirements.txt
pygments==2.19.2
    # via pytest
pytest==9.0.2
    # via
    #   -r requirements.txt
    #   pytest-cov
    #   pytest-timeout
pytest-cov==7.0.0
    # via -r requirements.txt
pytest-timeout==2.4.0
    # via -r requirements.txt
types-pyyaml==6.0.12.20250915
    # via -r requirements.txt
types-requests==2.32.4.20260107
    # via -r requirements.txt
urllib3==2.6.3
    # via types-requests
